
Microsoft Visual Studio Solution File, Format Version 12.00
# Visual Studio 15
VisualStudioVersion = 15.0.36001.139
MinimumVisualStudioVersion = 10.0.40219.1
Project("{FAE04EC0-301F-11D3-BF4B-00C04F79EFBC}") = "IntroductionToADO", "IntroductionToADO\IntroductionToADO.csproj", "{728EDFBD-60F0-4843-917E-E9B69CCD67A2}"
EndProject
Project("{2150E333-8FDC-42A3-9474-1A3956D46DE8}") = "Solution Items", "Solution Items", "{249CFA4B-FE13-446B-83E4-E77966A2AC1A}"
	ProjectSection(SolutionItems) = preProject
		..\ReadMe.txt = ..\ReadMe.txt
	EndProjectSection
EndProject
Global
	GlobalSection(SolutionConfigurationPlatforms) = preSolution
		Debug|Any CPU = Debug|Any CPU
		Release|Any CPU = Release|Any CPU
	EndGlobalSection
	GlobalSection(ProjectConfigurationPlatforms) = postSolution
		{728EDFBD-60F0-4843-917E-E9B69CCD67A2}.Debug|Any CPU.ActiveCfg = Debug|Any CPU
		{728EDFBD-60F0-4843-917E-E9B69CCD67A2}.Debug|Any CPU.Build.0 = Debug|Any CPU
		{728EDFBD-60F0-4843-917E-E9B69CCD67A2}.Release|Any CPU.ActiveCfg = Release|Any CPU
		{728EDFBD-60F0-4843-917E-E9B69CCD67A2}.Release|Any CPU.Build.0 = Release|Any CPU
	EndGlobalSection
	GlobalSection(SolutionProperties) = preSolution
		HideSolutionNode = FALSE
	EndGlobalSection
	GlobalSection(ExtensibilityGlobals) = postSolution
		SolutionGuid = {E220D8EF-0415-4EFF-BF2E-EF310075F4BB}
	EndGlobalSection
EndGlobal
